
Microsoft Visual Studio Solution File, Format Version 12.00
# Visual Studio 15
VisualStudioVersion = 15.0.26124.0
MinimumVisualStudioVersion = 15.0.26124.0
Project("{2150E333-8FDC-42A3-9474-1A3956D46DE8}") = "src", "src", "{B52CA01E-1F9F-4D54-BEB0-C966672582F8}"
EndProject
Project("{FAE04EC0-301F-11D3-BF4B-00C04F79EFBC}") = "MySql.Cdc", "src\MySql.Cdc\MySql.Cdc.csproj", "{10E51C4D-1612-4289-B075-0927EB6501C0}"
EndProject
Project("{2150E333-8FDC-42A3-9474-1A3956D46DE8}") = "tests", "tests", "{08604EF0-242A-4F8F-98CE-CCE9B61CC866}"
EndProject
Project("{FAE04EC0-301F-11D3-BF4B-00C04F79EFBC}") = "MySql.Cdc.Tests", "tests\MySql.Cdc.Tests\MySql.Cdc.Tests.csproj", "{A9C77D4A-03F7-4D37-8CBC-B74FBB28A26E}"
EndProject
Project("{2150E333-8FDC-42A3-9474-1A3956D46DE8}") = "samples", "samples", "{91BF3F69-3C29-480B-9866-EE3668663235}"
EndProject
Project("{FAE04EC0-301F-11D3-BF4B-00C04F79EFBC}") = "MySql.Cdc.Sample", "samples\MySql.Cdc.Sample\MySql.Cdc.Sample.csproj", "{11651850-3B92-4BC6-B5C3-5825E8E5603F}"
EndProject
Global
	GlobalSection(SolutionConfigurationPlatforms) = preSolution
		Debug|Any CPU = Debug|Any CPU
		Debug|x64 = Debug|x64
		Debug|x86 = Debug|x86
		Release|Any CPU = Release|Any CPU
		Release|x64 = Release|x64
		Release|x86 = Release|x86
	EndGlobalSection
	GlobalSection(SolutionProperties) = preSolution
		HideSolutionNode = FALSE
	EndGlobalSection
	GlobalSection(ProjectConfigurationPlatforms) = postSolution
		{10E51C4D-1612-4289-B075-0927EB6501C0}.Debug|Any CPU.ActiveCfg = Debug|Any CPU
		{10E51C4D-1612-4289-B075-0927EB6501C0}.Debug|Any CPU.Build.0 = Debug|Any CPU
		{10E51C4D-1612-4289-B075-0927EB6501C0}.Debug|x64.ActiveCfg = Debug|Any CPU
		{10E51C4D-1612-4289-B075-0927EB6501C0}.Debug|x64.Build.0 = Debug|Any CPU
		{10E51C4D-1612-4289-B075-0927EB6501C0}.Debug|x86.ActiveCfg = Debug|Any CPU
		{10E51C4D-1612-4289-B075-0927EB6501C0}.Debug|x86.Build.0 = Debug|Any CPU
		{10E51C4D-1612-4289-B075-0927EB6501C0}.Release|Any CPU.ActiveCfg = Release|Any CPU
		{10E51C4D-1612-4289-B075-0927EB6501C0}.Release|Any CPU.Build.0 = Release|Any CPU
		{10E51C4D-1612-4289-B075-0927EB6501C0}.Release|x64.ActiveCfg = Release|Any CPU
		{10E51C4D-1612-4289-B075-0927EB6501C0}.Release|x64.Build.0 = Release|Any CPU
		{10E51C4D-1612-4289-B075-0927EB6501C0}.Release|x86.ActiveCfg = Release|Any CPU
		{10E51C4D-1612-4289-B075-0927EB6501C0}.Release|x86.Build.0 = Release|Any CPU
		{A9C77D4A-03F7-4D37-8CBC-B74FBB28A26E}.Debug|Any CPU.ActiveCfg = Debug|Any CPU
		{A9C77D4A-03F7-4D37-8CBC-B74FBB28A26E}.Debug|Any CPU.Build.0 = Debug|Any CPU
		{A9C77D4A-03F7-4D37-8CBC-B74FBB28A26E}.Debug|x64.ActiveCfg = Debug|Any CPU
		{A9C77D4A-03F7-4D37-8CBC-B74FBB28A26E}.Debug|x64.Build.0 = Debug|Any CPU
		{A9C77D4A-03F7-4D37-8CBC-B74FBB28A26E}.Debug|x86.ActiveCfg = Debug|Any CPU
		{A9C77D4A-03F7-4D37-8CBC-B74FBB28A26E}.Debug|x86.Build.0 = Debug|Any CPU
		{A9C77D4A-03F7-4D37-8CBC-B74FBB28A26E}.Release|Any CPU.ActiveCfg = Release|Any CPU
		{A9C77D4A-03F7-4D37-8CBC-B74FBB28A26E}.Release|Any CPU.Build.0 = Release|Any CPU
		{A9C77D4A-03F7-4D37-8CBC-B74FBB28A26E}.Release|x64.ActiveCfg = Release|Any CPU
		{A9C77D4A-03F7-4D37-8CBC-B74FBB28A26E}.Release|x64.Build.0 = Release|Any CPU
		{A9C77D4A-03F7-4D37-8CBC-B74FBB28A26E}.Release|x86.ActiveCfg = Release|Any CPU
		{A9C77D4A-03F7-4D37-8CBC-B74FBB28A26E}.Release|x86.Build.0 = Release|Any CPU
		{11651850-3B92-4BC6-B5C3-5825E8E5603F}.Debug|Any CPU.ActiveCfg = Debug|Any CPU
		{11651850-3B92-4BC6-B5C3-5825E8E5603F}.Debug|Any CPU.Build.0 = Debug|Any CPU
		{11651850-3B92-4BC6-B5C3-5825E8E5603F}.Debug|x64.ActiveCfg = Debug|Any CPU
		{11651850-3B92-4BC6-B5C3-5825E8E5603F}.Debug|x64.Build.0 = Debug|Any CPU
		{11651850-3B92-4BC6-B5C3-5825E8E5603F}.Debug|x86.ActiveCfg = Debug|Any CPU
		{11651850-3B92-4BC6-B5C3-5825E8E5603F}.Debug|x86.Build.0 = Debug|Any CPU
		{11651850-3B92-4BC6-B5C3-5825E8E5603F}.Release|Any CPU.ActiveCfg = Release|Any CPU
		{11651850-3B92-4BC6-B5C3-5825E8E5603F}.Release|Any CPU.Build.0 = Release|Any CPU
		{11651850-3B92-4BC6-B5C3-5825E8E5603F}.Release|x64.ActiveCfg = Release|Any CPU
		{11651850-3B92-4BC6-B5C3-5825E8E5603F}.Release|x64.Build.0 = Release|Any CPU
		{11651850-3B92-4BC6-B5C3-5825E8E5603F}.Release|x86.ActiveCfg = Release|Any CPU
		{11651850-3B92-4BC6-B5C3-5825E8E5603F}.Release|x86.Build.0 = Release|Any CPU
	EndGlobalSection
	GlobalSection(NestedProjects) = preSolution
		{10E51C4D-1612-4289-B075-0927EB6501C0} = {B52CA01E-1F9F-4D54-BEB0-C966672582F8}
		{A9C77D4A-03F7-4D37-8CBC-B74FBB28A26E} = {08604EF0-242A-4F8F-98CE-CCE9B61CC866}
		{11651850-3B92-4BC6-B5C3-5825E8E5603F} = {91BF3F69-3C29-480B-9866-EE3668663235}
	EndGlobalSection
EndGlobal
